version = 1
revision = 3
requires-python = ">=3.11"

[manifest]
members = [
    "lutra",
]

[manifest.dependency-groups]
dev = [
    { name = "protoc-gen-connectrpc", specifier = ">=0.12.1" },
    { name = "protoc-gen-py", specifier = ">=0.4.0" },
    { name = "pyrefly", specifier = ">=0.43.0" },
    { name = "ruff", specifier = ">=0.9.0" },
]

[[package]]
name = "colorama"
version = "0.4.6"
source = { registry = "https://pypi.org/simple" }
sdist = { url = "https://files.pythonhosted.org/packages/d8/53/6f443c9a4a8358a93a6792e2acffb9d9d5cb0a5cfd8802644b7b1c9a02e4/colorama-0.4.6.tar.gz", hash = "sha256:08695f5cb7ed6e0531a20572697297273c47b8cae5a63ffc6d6ed5c201be6e44", size = 27697, upload-time = "2022-10-25T02:36:22.414Z" }
wheels = [
    { url = "https://files.pythonhosted.org/packages/d1/d6/3965ed04c63042e047cb6a3e6ed1a63a35087b6a609aa3a15ed8ac56c221/colorama-0.4.6-py2.py3-none-any.whl", hash = "sha256:4f1d9991f5acc0ca119f9d443620b77f9d6b33703e51011c16baf57afb285fc6", size = 25335, upload-time = "2022-10-25T02:36:20.889Z" },
]

[[package]]
name = "connectrpc"
version = "0.12.1"
source = { registry = "https://pypi.org/simple" }
dependencies = [
    { name = "protobuf-py" },
    { name = "pyqwest" },
]
sdist = { url = "https://files.pythonhosted.org/packages/b8/43/025430769a6cc82a1e1c76cd9760639f6bf9b05577f90e38a0bb57b41b39/connectrpc-0.12.1.tar.gz", hash = "sha256:da7ca41c6cd8d9ce640ad86ae325a71cd83dfdd1e43748976315cb4b0546fb69", size = 50556, upload-time = "2026-09-04T15:23:31.327Z" }
wheels = [
    { url = "https://files.pythonhosted.org/packages/0e/f8/b244edb73395c5a74bfeab13ace9e6ccda89d31fb5e493ca8a8c96106eae/connectrpc-0.12.1-py3-none-any.whl", hash = "sha256:ba85ff49b5b7e0f1b16d07b35a05e39ce92c1a7116a7ed1a271c76393323cd07", size = 70058, upload-time = "2026-09-04T15:23:28.686Z" },
]

[[package]]
name = "iniconfig"
version = "2.3.0"
source = { registry = "https://pypi.org/simple" }
sdist = { url = "https://files.pythonhosted.org/packages/72/34/14ca021ce8e5dfedc35312d08ba8bf51fdd999c576889fc2c24cb97f4f10/iniconfig-2.3.0.tar.gz", hash = "sha256:c76315c77db068650d49c5b56314774a7804df16fee4402c1f19d6d15d8c4730", size = 20503, upload-time = "2025-10-18T21:55:43.219Z" }
wheels = [
    { url = "https://files.pythonhosted.org/packages/cb/b1/3846dd7f199d53cb17f49cba7e651e9ce294d8497c8c150530ed11865bb8/iniconfig-2.3.0-py3-none-any.whl", hash = "sha256:f631c04d2c48c52b84d0d0549c99ff3859c98df65b3101406327ecc7d53fbf12", size = 7484, upload-time = "2025-10-18T21:55:41.639Z" },
]

[[package]]
name = "lutra"
version = "0.1.0"
source = { editable = "sdk" }
dependencies = [
    { name = "connectrpc" },
]

[package.dev-dependencies]
dev = [
    { name = "pytest" },
    { name = "pytest-asyncio" },
]

[package.metadata]
requires-dist = [{ name = "connectrpc", specifier = ">=0.12.0,<0.13.0" }]

[package.metadata.requires-dev]
dev = [
    { name = "pytest", specifier = ">=8.0.0" },
    { name = "pytest-asyncio", specifier = ">=0.24.0" },
]

[[package]]
name = "opentelemetry-api"
version = "1.44.0"
source = { registry = "https://pypi.org/simple" }
dependencies = [
    { name = "typing-extensions" },
]
sdist = { url = "https://files.pythonhosted.org/packages/ee/8b/aa9e2d8b8dfa7c946f7dec5d1f8f6ba8eca062f43509a06bdb5ce93d26c0/opentelemetry_api-1.44.0.tar.gz", hash = "sha256:67647e5e9566edcf421166fdf022b3537f818635daa852b289e34604dc6fb33a", size = 72406, upload-time = "2026-07-16T15:25:32.678Z" }
wheels = [
    { url = "https://files.pythonhosted.org/packages/ca/6f/a04e900f465ff3221ccc395522503e2d10e79fa21f2723c8e177aae1e0d1/opentelemetry_api-1.44.0-py3-none-any.whl", hash = "sha256:94b98c893a91b88657eaac1e3ba89618cdb85be6918196705354f34728b2cdef", size = 60018, upload-time = "2026-07-16T15:25:11.657Z" },
]

[[package]]
name = "packaging"
version = "26.3"
source = { registry = "https://pypi.org/simple" }
sdist = { url = "https://files.pythonhosted.org/packages/7d/fa/3944b40b07da9ce895c0e6303a5ab7d53da063554f534556b134a54d6093/packaging-26.3.tar.gz", hash = "sha256:94edc256424af38762eb31306eed28beb9f0efc50a8837492c9d6fd6004aed79", size = 313412, upload-time = "2026-08-04T18:15:28.737Z" }
wheels = [
    { url = "https://files.pythonhosted.org/packages/63/34/ba1c580383c9eada3711951fef0795c80b829a078d72188184bcab9dd527/packaging-26.3-py3-none-any.whl", hash = "sha256:d7193f7c8e4e93f444fde0262bf90af30e16fa0ad0ad44cb553c87339b23cd1c", size = 129956, upload-time = "2026-08-04T18:15:27.159Z" },
]

[[package]]
name = "pluggy"
version = "1.6.0"
source = { registry = "https://pypi.org/simple" }
sdist = { url = "https://files.pythonhosted.org/packages/f9/e2/3e91f31a7d2b083fe6ef3fa267035b518369d9511ffab804f839851d2779/pluggy-1.6.0.tar.gz", hash = "sha256:7dcc130b76258d33b90f61b658791dede3486c3e6bfb003ee5c9bfb396dd22f3", size = 69412, upload-time = "2025-05-15T12:30:07.975Z" }
wheels = [
    { url = "https://files.pythonhosted.org/packages/54/20/4d324d65cc6d9205fabedc306948156824eb9f0ee1633355a8f7ec5c66bf/pluggy-1.6.0-py3-none-any.whl", hash = "sha256:e920276dd6813095e9377c0bc5566d94c932c33b27a3e3945d8389c374dd4746", size = 20538, upload-time = "2025-05-15T12:30:06.134Z" },
]

[[package]]
name = "protobuf-py"
version = "0.5.0"
source = { registry = "https://pypi.org/simple" }
dependencies = [
    { name = "protobuf-py-ext", marker = "(platform_machine == 'arm64' and platform_python_implementation == 'CPython' and sys_platform == 'darwin') or (platform_machine == 'aarch64' and platform_python_implementation == 'CPython' and sys_platform == 'linux') or (platform_machine == 'x86_64' and platform_python_implementation == 'CPython' and sys_platform == 'linux') or (platform_machine == 'AMD64' and platform_python_implementation == 'CPython' and sys_platform == 'win32') or (platform_machine == 'ARM64' and platform_python_implementation == 'CPython' and sys_platform == 'win32')" },
    { name = "typing-extensions" },
]
sdist = { url = "https://files.pythonhosted.org/packages/e0/df/744b304857f9727dad5938e37c88b834c7874581df4bdd36546e0718c5ba/protobuf_py-0.5.0.tar.gz", hash = "sha256:a7be567fbcade37f7ead5c7ebdcda7d5d833afb0e68a569a7a80837f2f5defc1", size = 160914, upload-time = "2026-09-15T06:53:37.924Z" }
wheels = [
    { url = "https://files.pythonhosted.org/packages/c9/4d/f574b8fece5fbce107bdaa2d4f81743e810275d584fda83456475ce3a836/protobuf_py-0.5.0-py3-none-any.whl", hash = "sha256:1582e21c920a9c6932d5b9398aa55635315ecf7e05ab6eb09dcd3f9aba8ff7ac", size = 214220, upload-time = "2026-09-15T06:52:52.734Z" },
]

[[package]]
name = "protobuf-py-ext"
version = "0.5.0"
source = { registry = "https://pypi.org/simple" }
sdist = { url = "https://files.pythonhosted.org/packages/94/00/e5742687f394e55b96a8f69ae6c3ef1ea518bdb85970660ef582cc8da89d/protobuf_py_ext-0.5.0.tar.gz", hash = "sha256:99c3e47e145e6ccc758ac473b967240e4cd5d4ddbb12352da2fea44bb09b75a6", size = 57832, upload-time = "2026-09-15T06:53:38.88Z" }
wheels = [
    { url = "https://files.pythonhosted.org/packages/4e/a5/08ee1549f93e2a15d43af841181d9b9f54049a6d799f0647019ecbd18f73/protobuf_py_ext-0.5.0-cp311-abi3-macosx_11_0_arm64.whl", hash = "sha256:c263aa5594a5be05749d2fc8398685ff97435cbe0ea98076cc1dc114c69d6994", size = 469453, upload-time = "2026-09-15T06:53:01.222Z" },
    { url = "https://files.pythonhosted.org/packages/c2/de/37275a9c1abf9470760ac12db908065b1e3c1eae5b16ac0f32cd5c0dce78/protobuf_py_ext-0.5.0-cp311-abi3-manylinux_2_17_aarch64.manylinux2014_aarch64.whl", hash = "sha256:65801a66e68bd00b5ab48cfd277ebc5ff974381e0e9e1812f7c77efbcacad1a9", size = 478158, upload-time = "2026-09-15T06:53:02.601Z" },
    { url = "https://files.pythonhosted.org/packages/21/9a/acbe04fdd223de6364a6e6252a316358a74f5f4c8e0ca13b145e15b3ac88/protobuf_py_ext-0.5.0-cp311-abi3-manylinux_2_17_x86_64.manylinux2014_x86_64.whl", hash = "sha256:4f0b868704714af24981b68095774edd42930490a2e09678a9e1d88b892a1100", size = 503450, upload-time = "2026-09-15T06:53:03.81Z" },
    { url = "https://files.pythonhosted.org/packages/0b/42/f4ee62c87fb0488bd1bcc88452665201bf2ae3d2491618dce14755fc152f/protobuf_py_ext-0.5.0-cp311-abi3-musllinux_1_2_aarch64.whl", hash = "sha256:2fe9c58940372c24d31d51d446dde4cfb7f7d9ad36ce4c07f59d44373126145f", size = 657275, upload-time = "2026-09-15T06:53:05.041Z" },
    { url = "https://files.pythonhosted.org/packages/79/db/79e3a0c975457cff14ca2579c60209946fe625b649e876fe285ca2754d9b/protobuf_py_ext-0.5.0-cp311-abi3-musllinux_1_2_x86_64.whl", hash = "sha256:22143055e96570a08b5920c3637640450fbecadaeda416af4b3836937616ecf1", size = 716043, upload-time = "2026-09-15T06:53:06.36Z" },
    { url = "https://files.pythonhosted.org/packages/5f/3b/d2bc8047f643db12f04b2e680a7f9dc5433e96e3b07840148e8eebfc5a66/protobuf_py_ext-0.5.0-cp311-abi3-win_amd64.whl", hash = "sha256:b59e4daffcbfc0499a91779a546907a509c7058fdf9784d16e727a1dde729938", size = 440050, upload-time = "2026-09-15T06:53:07.706Z" },
    { url = "https://files.pythonhosted.org/packages/0d/0f/e49bd745cdc5f8b2d171817d87035d64be0b75326db7c0c1e644778fa882/protobuf_py_ext-0.5.0-cp311-abi3-win_arm64.whl", hash = "sha256:8e1077f106a60cac056cc7591ca8ba70dcb34e65139a992bfa76bc2c5f85ed50", size = 419729, upload-time = "2026-09-15T06:53:08.918Z" },
    { url = "https://files.pythonhosted.org/packages/a2/49/5a0ea1bb76d5d7be41ccdfc58422e4cd172d856646dd8903cd6034791e48/protobuf_py_ext-0.5.0-cp312-cp312-macosx_11_0_arm64.whl", hash = "sha256:c7c584e99362c3004ac4f584108bc38cdfb8ee08da84fd57c8eff9abbe8eb0bd", size = 471070, upload-time = "2026-09-15T06:53:10.059Z" },
    { url = "https://files.pythonhosted.org/packages/e1/c8/2f656bcab07519d7d03901aaea8a572ca0decdbdc0aea44a88c4496f0b9e/protobuf_py_ext-0.5.0-cp312-cp312-manylinux_2_17_aarch64.manylinux2014_aarch64.whl", hash = "sha256:e39a4b9289de2f73d67a1be2c3f750f98186ed66b9a844f2a47ad4122c2e6f6a", size = 478317, upload-time = "2026-09-15T06:53:11.434Z" },
    { url = "https://files.pythonhosted.org/packages/05/8a/b137405f95761606d384d35dac2c9a1b8fccc0aba4a3588472d8bf434a82/protobuf_py_ext-0.5.0-cp312-cp312-manylinux_2_17_x86_64.manylinux2014_x86_64.whl", hash = "sha256:5d4b241a72759cbe26759db2a13deab059510d7609a781d125bba22dbbfaf2cf", size = 499921, upload-time = "2026-09-15T06:53:12.699Z" },
    { url = "https://files.pythonhosted.org/packages/d4/64/e5e97d95922f81834b189666c6cfe74c071c7929cfb20f59ab77352e8f88/protobuf_py_ext-0.5.0-cp312-cp312-musllinux_1_2_aarch64.whl", hash = "sha256:3b6add28bbdf0b724ccc10a9c8a80549ab0b2af50b808e533277506bdb3c04e6", size = 656768, upload-time = "2026-09-15T06:53:13.934Z" },
    { url = "https://files.pythonhosted.org/packages/22/38/0ababc6093654bac7430cf1f5be2159d5442f676e1853d3e8f417861a3f7/protobuf_py_ext-0.5.0-cp312-cp312-musllinux_1_2_x86_64.whl", hash = "sha256:7b8c155384c8949c0cccc4a3c14b53ee85b5dbf022c4bc0bd9486764c8250e03", size = 712993, upload-time = "2026-09-15T06:53:15.347Z" },
    { url = "https://files.pythonhosted.org/packages/9b/3d/2438ca1835d81a7073ae7af18629f00fbed3bd9cd02b7ad5803a709a8f2f/protobuf_py_ext-0.5.0-cp313-cp313-macosx_11_0_arm64.whl", hash = "sha256:5ebd954fa15f2636ba58577c9bb037865bcdaf66e68d8f0587ccfec814d451d2", size = 471346, upload-time = "2026-09-15T06:53:16.567Z" },
    { url = "https://files.pythonhosted.org/packages/ac/3f/088cb289aa8cf520827b4fb99092d3204f1a2918ae730d45029c08a8553d/protobuf_py_ext-0.5.0-cp313-cp313-manylinux_2_17_aarch64.manylinux2014_aarch64.whl", hash = "sha256:6cea81147867a9b29697240b586d7c945398a5629351e070ff740d9a5b9eb148", size = 479009, upload-time = "2026-09-15T06:53:17.865Z" },
    { url = "https://files.pythonhosted.org/packages/37/a3/e5e50258d7f7e006cc5cd4c428981ae0d69cacec59093eb2a865d97c2b16/protobuf_py_ext-0.5.0-cp313-cp313-manylinux_2_17_x86_64.manylinux2014_x86_64.whl", hash = "sha256:12015dd711f70e7c8ac091376781b1924aeaaed9e9bee39fdf9130cb45b137e9", size = 500623, upload-time = "2026-09-15T06:53:19.218Z" },
    { url = "https://files.pythonhosted.org/packages/12/72/974f9df89b5b2ea095374a590f4b85aeaf80f4fa5f504012b1cf93c63565/protobuf_py_ext-0.5.0-cp313-cp313-musllinux_1_2_aarch64.whl", hash = "sha256:e1fef6a711ebcb9a413fe10d342b278fa30ceb68b2bf7bfcf0a55523f091dfb4", size = 657155, upload-time = "2026-09-15T06:53:20.631Z" },
    { url = "https://files.pythonhosted.org/packages/02/27/c1709e454a22f589b35578d77fd68db707e1109f896ec2245af295612431/protobuf_py_ext-0.5.0-cp313-cp313-musllinux_1_2_x86_64.whl", hash = "sha256:e5f11aa121af8f6bede87d8717abbcc0c5ad9b68902863489de416481df31e72", size = 713679, upload-time = "2026-09-15T06:53:21.966Z" },
    { url = "https://files.pythonhosted.org/packages/de/8f/9759b7890488ea54b88d751ef4fe6dfac8c230e5f54b1230e1819c643928/protobuf_py_ext-0.5.0-cp314-cp314-macosx_11_0_arm64.whl", hash = "sha256:9684428ad5ea608f50144ef9ee6d918f4ce15a7222093b38eac4a17fb51efd1f", size = 469469, upload-time = "2026-09-15T06:53:23.185Z" },
    { url = "https://files.pythonhosted.org/packages/92/0f/6edef5e307e2e73653aa8c252d123076bc14d098d8a603e5cbcbbd9afba6/protobuf_py_ext-0.5.0-cp314-cp314-manylinux_2_17_aarch64.manylinux2014_aarch64.whl", hash = "sha256:ee68dce9041a1fbec9648ef06dba465a033e69cbc89a27be01b4f5c17285c03e", size = 477129, upload-time = "2026-09-15T06:53:24.455Z" },
    { url = "https://files.pythonhosted.org/packages/df/8f/2ac90881b7cea63d3ba86f98479c3025996d37480638d16b2f6a3d662e40/protobuf_py_ext-0.5.0-cp314-cp314-manylinux_2_17_x86_64.manylinux2014_x86_64.whl", hash = "sha256:6b90b12abf51a0ba4aeeed2743f3633760a6707788726baae70d53bfe41559f6", size = 499183, upload-time = "2026-09-15T06:53:25.688Z" },
    { url = "https://files.pythonhosted.org/packages/b9/f4/10769d23e8c664a92ab9e7274669e6542c0cdaa86e9a02f1281640bade4f/protobuf_py_ext-0.5.0-cp314-cp314-musllinux_1_2_aarch64.whl", hash = "sha256:75ee44f40633c07741320ad72f9c8736be5021ba24f96844337bba009b74a10d", size = 655283, upload-time = "2026-09-15T06:53:26.926Z" },
    { url = "https://files.pythonhosted.org/packages/38/40/10681c188198c00fd48799c40827e7fafd6deb19dc59d2b48791af9650d1/protobuf_py_ext-0.5.0-cp314-cp314-musllinux_1_2_x86_64.whl", hash = "sha256:f54a76acaf78255a97e9a33798d6efedec0d5fdaf38d393501be6b368e54d6e7", size = 712563, upload-time = "2026-09-15T06:53:28.322Z" },
    { url = "https://files.pythonhosted.org/packages/a8/25/c590e1994ceec4aa9bc0b71fa0c4063265f3168e87a9088ff01038c58c24/protobuf_py_ext-0.5.0-cp314-cp314t-macosx_11_0_arm64.whl", hash = "sha256:ae8a17933f066da2e1d105fe19cec425a63c0065349ad128045f6ad5eec5ee0a", size = 458067, upload-time = "2026-09-15T06:53:29.572Z" },
    { url = "https://files.pythonhosted.org/packages/fe/fd/a8dc89c1269055cd10f93135baf387227a4f915443a45ec1d7d7083d4bcc/protobuf_py_ext-0.5.0-cp314-cp314t-manylinux_2_17_aarch64.manylinux2014_aarch64.whl", hash = "sha256:60be9e43b00e4c5ba65dc290e24cd2e4a2473e553b96e81feb22be24c991dcf4", size = 466789, upload-time = "2026-09-15T06:53:30.908Z" },
    { url = "https://files.pythonhosted.org/packages/15/18/e90306c613c61ef3e7011ff6606c7b7fcf97ff0dc176b2c98b58e8545e19/protobuf_py_ext-0.5.0-cp314-cp314t-manylinux_2_17_x86_64.manylinux2014_x86_64.whl", hash = "sha256:3e82945cde40662610ebbc1e8960d4cfd22df900a3aabdc0f6ba9f80d23b6ae9", size = 489446, upload-time = "2026-09-15T06:53:32.343Z" },
    { url = "https://files.pythonhosted.org/packages/e2/9e/a5dbbf257dff0fe4f141080f8427f793018f44f78b81fdbb88aacee796b8/protobuf_py_ext-0.5.0-cp314-cp314t-musllinux_1_2_aarch64.whl", hash = "sha256:9c1bd5a6137b6f1295d8a3bcb9711cbf4e959743611325b8b1254a2d51e64d7a", size = 646164, upload-time = "2026-09-15T06:53:33.688Z" },
    { url = "https://files.pythonhosted.org/packages/40/65/6046d7641a26ffdb6bb9e0463d0596c341ec156e40c0571b396ad786d4a2/protobuf_py_ext-0.5.0-cp314-cp314t-musllinux_1_2_x86_64.whl", hash = "sha256:0fe8f84fae44c6bfd3ee977ab35893d77d30c169e6502f83769d2e0ee2ec7591", size = 703098, upload-time = "2026-09-15T06:53:35.337Z" },
]

[[package]]
name = "protoc-gen-connectrpc"
version = "0.12.1"
source = { registry = "https://pypi.org/simple" }
dependencies = [
    { name = "protobuf-py" },
]
sdist = { url = "https://files.pythonhosted.org/packages/0b/38/e840ca13f7399288c0b503211afea50d76481e9083deb43e25cae427a431/protoc_gen_connectrpc-0.12.1.tar.gz", hash = "sha256:dde1652e291be825c4e84e71d9398c6ddd3c5c50995f3872a78ea9e4e21464dc", size = 9845, upload-time = "2026-09-04T15:23:32.427Z" }
wheels = [
    { url = "https://files.pythonhosted.org/packages/0d/61/04bbb3244f95c1ca2498a0b2b59e849d537a6a8768654cf1c310d6690e05/protoc_gen_connectrpc-0.12.1-py3-none-any.whl", hash = "sha256:fae558b7d68d27cd5bb3333e8d5969e2031de1fc0263ba1d04c596b26885a878", size = 11018, upload-time = "2026-09-04T15:23:30.096Z" },
]

[[package]]
name = "protoc-gen-py"
version = "0.5.0"
source = { registry = "https://pypi.org/simple" }
dependencies = [
    { name = "protobuf-py" },
]
sdist = { url = "https://files.pythonhosted.org/packages/65/12/ae2f4b8bd53c890100c185fa897f111120ce04425d8c75c066f650af76aa/protoc_gen_py-0.5.0.tar.gz", hash = "sha256:c2fd5873f9e0542d7fcb043276e7a7314b4fafb2c1329aaee42c188ab907466a", size = 10991, upload-time = "2026-09-15T06:53:39.734Z" }
wheels = [
    { url = "https://files.pythonhosted.org/packages/1b/79/2bf2236ce4b9e1e8783f35fa61c63009a5c5881fca56cb99f1acea074f1f/protoc_gen_py-0.5.0-py3-none-any.whl", hash = "sha256:5162b067ee1a09d4a6bea3171f740a93a7d1493b9afbc262f994c0e835347ea0", size = 12436, upload-time = "2026-09-15T06:53:36.785Z" },
]

[[package]]
name = "pygments"
version = "2.21.0"
source = { registry = "https://pypi.org/simple" }
sdist = { url = "https://files.pythonhosted.org/packages/49/2e/ced460408999b33da6b31b0021b0f37d329e202d4169aeb164493778f25b/pygments-2.21.0.tar.gz", hash = "sha256:610ca751c9bc2492b38eb9a38a7fbc93edbbb2d7182edaf34e66ae493dee5c8c", size = 5005329, upload-time = "2026-08-17T08:02:48.824Z" }
wheels = [
    { url = "https://files.pythonhosted.org/packages/71/46/17f022dd3e953bf20a04a028a21ec746d942f8d2af30fa0f124fa0e6a684/pygments-2.21.0-py3-none-any.whl", hash = "sha256:2363c69b61c4a97c838da3b130dcd6468f4848992b21a82f2a63ec34377137d9", size = 1250147, upload-time = "2026-08-17T08:02:44.912Z" },
]

[[package]]
name = "pyqwest"
version = "0.10.0"
source = { registry = "https://pypi.org/simple" }
dependencies = [
    { name = "opentelemetry-api" },
]
sdist = { url = "https://files.pythonhosted.org/packages/07/ee/0ff9facfa9e7a4f6df2a770d4eaf1ad0f74165da7e8c28e888461f07604c/pyqwest-0.10.0.tar.gz", hash = "sha256:6c1a693be17d57d2c2eca4085e32c2809c53090c16719a907c90ebcf1f40dc01", size = 482248, upload-time = "2026-08-21T06:09:20.656Z" }
wheels = [
    { url = "https://files.pythonhosted.org/packages/43/ee/b1a28f57c689606cfd065d8a553841150f7daaa91d20e58dcc2c5ea191f8/pyqwest-0.10.0-cp310-abi3-macosx_10_12_x86_64.whl", hash = "sha256:aa492d5777dd145a60795ed95d9d4707a3cd1091fdcdfc93a82ac7fdc43ebacd", size = 5261059, upload-time = "2026-08-21T06:08:04.999Z" },
    { url = "https://files.pythonhosted.org/packages/dc/13/9c5046cfd6ef705bde0b620ba8a794335bcabc0839342a2a647f2427b27e/pyqwest-0.10.0-cp310-abi3-macosx_11_0_arm64.whl", hash = "sha256:59f3f16628e518c674102e7b5fcff2101bba6abb4f6737ec5fade9b9278e6a53", size = 5134207, upload-time = "2026-08-21T06:08:06.955Z" },
    { url = "https://files.pythonhosted.org/packages/93/7d/50021dd88d82d6966ab1c27593ceaee9d1ed62fbe597c40e8dc187cfa5fd/pyqwest-0.10.0-cp310-abi3-manylinux_2_17_aarch64.manylinux2014_aarch64.whl", hash = "sha256:d6e7db305a8318b1f3218053e87501f8f245ca8bd63e948e0282d04bf0883470", size = 5640730, upload-time = "2026-08-21T06:08:09.135Z" },
    { url = "https://files.pythonhosted.org/packages/ff/3f/5bf6c32e9e701837a8c47ce6e3ad38978cfec8eb7bc6596181e5f9e1eaeb/pyqwest-0.10.0-cp310-abi3-manylinux_2_17_x86_64.manylinux2014_x86_64.whl", hash = "sha256:a5c757cfac5f53c8671dcb4850d5fc4c4339ea3e90636331c9318f8e3ddabc06", size = 5561462, upload-time = "2026-08-21T06:08:10.836Z" },
    { url = "https://files.pythonhosted.org/packages/5f/61/ca9ba5721461b7ce5cfaac373ab3a1723ddcc434af7430f8bd628da6e623/pyqwest-0.10.0-cp310-abi3-musllinux_1_2_aarch64.whl", hash = "sha256:234b3f71e3f314d997c203d8cf829b7117edd041153f9c277d0060ab90134148", size = 5801847, upload-time = "2026-08-21T06:08:12.502Z" },
    { url = "https://files.pythonhosted.org/packages/d2/44/95593919b996a417093f598d887822b9b899e8d025588c9bfaf8c60dd812/pyqwest-0.10.0-cp310-abi3-musllinux_1_2_x86_64.whl", hash = "sha256:5637256a0dac0ef57e0eaa02b032014965e4a4c995e1deca1b1b97e6d1765f78", size = 5978692, upload-time = "2026-08-21T06:08:14.383Z" },
    { url = "https://files.pythonhosted.org/packages/a5/b9/b2821ce5188457168ebb25d5ff65b1ca1bf27bc6b4a33df4bcc2357e625c/pyqwest-0.10.0-cp310-abi3-win_amd64.whl", hash = "sha256:7ea761937acf3a00d1a7e70e982949d18946e5471d1419266ab3a78bbfa19759", size = 4876627, upload-time = "2026-08-21T06:08:16.084Z" },
    { url = "https://files.pythonhosted.org/packages/86/b4/16ccef1c203fa258ce46a86aefc1a79c13b5f0b8d49627347d90eef25efd/pyqwest-0.10.0-cp312-cp312-macosx_10_12_x86_64.whl", hash = "sha256:a21f1f15252a8303623b4f17b9c6de595ace11b3ade07f2adb6d07121e8191aa", size = 5274815, upload-time = "2026-08-21T06:08:17.777Z" },
    { url = "https://files.pythonhosted.org/packages/5f/61/6a87f84f571441ea43279587d4bfcad4543505918ae2b83a1ebdcfa98be5/pyqwest-0.10.0-cp312-cp312-macosx_11_0_arm64.whl", hash = "sha256:eb472c6e5d6833ebfec79db310e426eb17b01ac64c0e2c251bd9192c0d2ee0c5", size = 5123656, upload-time = "2026-08-21T06:08:19.501Z" },
    { url = "https://files.pythonhosted.org/packages/8b/f2/ab69e581cf9b798b0e169f7b27fd3f8b6f9f1631bd4d3b6e22e5abaf8d8b/pyqwest-0.10.0-cp312-cp312-manylinux_2_17_aarch64.manylinux2014_aarch64.whl", hash = "sha256:83578e24cccd5e0dc04d60a0af7bfb43325b5f22d03ff74ff79ed0ecf553b50d", size = 5641253, upload-time = "2026-08-21T06:08:21.627Z" },
    { url = "https://files.pythonhosted.org/packages/9f/dd/f1a62eebf8321ace506bd94551a01431f6a45b882225455eae3ea6e8c6d1/pyqwest-0.10.0-cp312-cp312-manylinux_2_17_x86_64.manylinux2014_x86_64.whl", hash = "sha256:6bb511c434f79c641efb5573e5795e56dc972252f4b96e52a9636d4ece5231a4", size = 5567341, upload-time = "2026-08-21T06:08:23.346Z" },
    { url = "https://files.pythonhosted.org/packages/4c/48/51d767691973e046887f5e6d96e32142fe296823b163ccba732233a6ef72/pyqwest-0.10.0-cp312-cp312-musllinux_1_2_aarch64.whl", hash = "sha256:1aaccd8a9db9430b2aedb5bad8ead80742cbc056b85c229516c70dc80539f906", size = 5803874, upload-time = "2026-08-21T06:08:25.096Z" },
    { url = "https://files.pythonhosted.org/packages/58/0a/d2834ccc6e59ad110718895cc65ff2a68aa6e010f0ba8fbe42a57ea33c21/pyqwest-0.10.0-cp312-cp312-musllinux_1_2_x86_64.whl", hash = "sha256:73d9eb438ab4a957a1ce0619d3af8c1c1126bfb9181033b123d792fcf4224531", size = 5981518, upload-time = "2026-08-21T06:08:27.594Z" },
    { url = "https://files.pythonhosted.org/packages/75/f3/274b4c268e9a55fbdb1b3637ac50b5bf42cd3a85d1cfbdc15c602a7b0d9c/pyqwest-0.10.0-cp312-cp312-win_amd64.whl", hash = "sha256:317a74d633abe3bc5bccabf479e069c515dab9e6a755274b0ccb1d8a5bbfede3", size = 4870638, upload-time = "2026-08-21T06:08:29.421Z" },
    { url = "https://files.pythonhosted.org/packages/8d/3d/8b1092f25159bf61a9470ebd35438c669b91ef553a7ee205bdec8006107b/pyqwest-0.10.0-cp313-cp313-macosx_10_12_x86_64.whl", hash = "sha256:3978e794b9cfd8eaa500fb5d7aee63bc6172c605efa0abc1f62d85485bc049e1", size = 5273599, upload-time = "2026-08-21T06:08:31.107Z" },
    { url = "https://files.pythonhosted.org/packages/75/10/54a9786123942b124c2afb9562b74e158afec7be40ef0caa0d37f615d379/pyqwest-0.10.0-cp313-cp313-macosx_11_0_arm64.whl", hash = "sha256:715991fd4f04862cd7a9d7452daabcdbd74dff4dff55eb20c22d60382dc2a4ed", size = 5122920, upload-time = "2026-08-21T06:08:33.025Z" },
    { url = "https://files.pythonhosted.org/packages/a2/5b/6a6bd76f91e068b9a619f62aef9fe5ef201f859ddbb6b0a11ad3875ecdda/pyqwest-0.10.0-cp313-cp313-manylinux_2_17_aarch64.manylinux2014_aarch64.whl", hash = "sha256:c04798bed79c1dfa0e5b0e30fb137124311083490d44d6dfbe068d3dd254349e", size = 5639577, upload-time = "2026-08-21T06:08:34.896Z" },
    { url = "https://files.pythonhosted.org/packages/68/28/12277a24a8dd74b0a7f124c624d9ed58eccb41e2087ff1087a14d348c778/pyqwest-0.10.0-cp313-cp313-manylinux_2_17_x86_64.manylinux2014_x86_64.whl", hash = "sha256:35b472877e73dd63fed089c2bc8fa198407f005c8c19e0a93f025ebefde01a81", size = 5565835, upload-time = "2026-08-21T06:08:36.567Z" },
    { url = "https://files.pythonhosted.org/packages/9e/b6/b7da4a3f1fe43600154ae75e91ba7969024d886d60077dd3a1ba8e66d170/pyqwest-0.10.0-cp313-cp313-musllinux_1_2_aarch64.whl", hash = "sha256:564ec360b7848b35e009038ffbca00466305a9708ab21829477f64aa8cad4c64", size = 5803078, upload-time = "2026-08-21T06:08:38.362Z" },
    { url = "https://files.pythonhosted.org/packages/0c/6f/0c9ba210f49f232289afaa8f06369c5f135ac786e1ca0cb22243b7f1fe2c/pyqwest-0.10.0-cp313-cp313-musllinux_1_2_x86_64.whl", hash = "sha256:b5c80e88a5967c1cadb3237c450f91a84a3683f8838c8dca96f09fee3612e762", size = 5980431, upload-time = "2026-08-21T06:08:39.967Z" },
    { url = "https://files.pythonhosted.org/packages/9b/f5/306eeed41a3cd3100247e6e442f4345277b70f1d24efe1641181b14839cd/pyqwest-0.10.0-cp313-cp313-win_amd64.whl", hash = "sha256:dc3d80b402fb59dbe015e25993ac8147456fb231a4c949f92a89f31315ad50f9", size = 4870198, upload-time = "2026-08-21T06:08:41.687Z" },
    { url = "https://files.pythonhosted.org/packages/64/18/0086a408e7cbf39dab18fa5b7e42c969a98382da5a4e6debe40f05acc6a1/pyqwest-0.10.0-cp314-cp314-macosx_10_12_x86_64.whl", hash = "sha256:23a28beb55fa6d975949bffae4adfb69378f3229bb5cbd71231e95bf66f5b26c", size = 5274542, upload-time = "2026-08-21T06:08:43.323Z" },
    { url = "https://files.pythonhosted.org/packages/0c/7b/e1b9aaaf7596e4faaa53cefc2efaca4e3cde721e308e6385e366361cfdcc/pyqwest-0.10.0-cp314-cp314-macosx_11_0_arm64.whl", hash = "sha256:e4415ae40b8eedb1713dab14d7f9fecc3f79d26f3206c561087b88b99d5ce24b", size = 5127922, upload-time = "2026-08-21T06:08:45.116Z" },
    { url = "https://files.pythonhosted.org/packages/75/cd/e6d68bb1de5dd26100fcfc878cbd67c402a928774edf1e8ae304c5a84f5b/pyqwest-0.10.0-cp314-cp314-manylinux_2_17_aarch64.manylinux2014_aarch64.whl", hash = "sha256:14b875d2273212d7fa8e4b755d8d736ffd226b1c707a9c0017dfdc8393a96eca", size = 5645856, upload-time = "2026-08-21T06:08:47.055Z" },
    { url = "https://files.pythonhosted.org/packages/f7/48/8c9f9f0467c41f6a563146d57a52f8f6d60c0cb09d0fd3ef88ad5a1c442f/pyqwest-0.10.0-cp314-cp314-manylinux_2_17_x86_64.manylinux2014_x86_64.whl", hash = "sha256:b5071491e416ea54e3b95bf9ffbed0bd065b093cb96e10a75c3d8f2cbe3c9823", size = 5569831, upload-time = "2026-08-21T06:08:48.78Z" },
    { url = "https://files.pythonhosted.org/packages/16/ac/c85ab70c6c72078d49a82da76b820e46aaf95a3f6fe271dac955ac195d21/pyqwest-0.10.0-cp314-cp314-musllinux_1_2_aarch64.whl", hash = "sha256:b68b5e68d513a4c63a072f8f40e38015160cf90bfbf7e8ef7c3935ca87e9e022", size = 5806735, upload-time = "2026-08-21T06:08:50.652Z" },
    { url = "https://files.pythonhosted.org/packages/66/db/ad7375b22fb2d0807431dcc9bc2aaf840e374c298cd15071024d5f6dd6d1/pyqwest-0.10.0-cp314-cp314-musllinux_1_2_x86_64.whl", hash = "sha256:c48910d27820b9c46fcd001b0fe514a3cf47d4784f59512dcdb8c91c395f82e4", size = 5984786, upload-time = "2026-08-21T06:08:52.377Z" },
    { url = "https://files.pythonhosted.org/packages/17/88/c449a772afe129683fd7acc657cbc7c69bec085dc75b6e8710a50fbb44e7/pyqwest-0.10.0-cp314-cp314-win_amd64.whl", hash = "sha256:d03ba2cd17948b623a6210981d342eb122546d8a8e910ec77511aff4b1acdd00", size = 4872288, upload-time = "2026-08-21T06:08:54.101Z" },
    { url = "https://files.pythonhosted.org/packages/3d/f8/439ffc0ee12cd7d9b57ac07ccea78ad3ba66b0d6817d429dd661d73308c4/pyqwest-0.10.0-cp314-cp314t-macosx_10_12_x86_64.whl", hash = "sha256:07a0eb595f4096232c2d22549b6e4612c1ecada7934e46462c2c37ce14a89cfb", size = 5256823, upload-time = "2026-08-21T06:08:55.681Z" },
    { url = "https://files.pythonhosted.org/packages/df/2b/72ecd27d104d2b4284710194cce796d607674966c3ea66436768e812a66a/pyqwest-0.10.0-cp314-cp314t-macosx_11_0_arm64.whl", hash = "sha256:26401baf7dafc71c8d12d2e8389519d141e6f7c14094d0dd4cf9ec1d3b5555bd", size = 5112624, upload-time = "2026-08-21T06:08:57.366Z" },
    { url = "https://files.pythonhosted.org/packages/a4/24/0fb89c3f7d5a0410fcb7560588b4c741ef24b19195c307d4263f04e75c2b/pyqwest-0.10.0-cp314-cp314t-manylinux_2_17_aarch64.manylinux2014_aarch64.whl", hash = "sha256:e5e3c436e041d8873ce5bb0fdcf9f9e86f5604e8f0ef9e03149efebd8cb474f6", size = 5631844, upload-time = "2026-08-21T06:08:59.165Z" },
    { url = "https://files.pythonhosted.org/packages/4c/4f/921d14754a186f0143ad62b50108dd808328e347e98e9dafab3897eeb405/pyqwest-0.10.0-cp314-cp314t-manylinux_2_17_x86_64.manylinux2014_x86_64.whl", hash = "sha256:09364115761579eabfc79d1e954cdb3ded508dac1903fac7285d4c6f058c683f", size = 5555869, upload-time = "2026-08-21T06:09:00.783Z" },
    { url = "https://files.pythonhosted.org/packages/b8/70/504780417319a626fe9549a7e6f9020a3d448eddf8a09617238a3426e90c/pyqwest-0.10.0-cp314-cp314t-musllinux_1_2_aarch64.whl", hash = "sha256:559674a98a8b1217e1830ecd41c9905bf2b60983c6b8017063dfac199f00727c", size = 5793738, upload-time = "2026-08-21T06:09:03.324Z" },
    { url = "https://files.pythonhosted.org/packages/45/f7/8d0a5b8a3289f4300dc9005ebde75d316f2371a2671617f942036337731a/pyqwest-0.10.0-cp314-cp314t-musllinux_1_2_x86_64.whl", hash = "sha256:f399a696392fff3db3eef0a18ef65b8a3b8396d129193487d966b8eb11006376", size = 5972889, upload-time = "2026-08-21T06:09:05.2Z" },
    { url = "https://files.pythonhosted.org/packages/89/c4/f4c781e475c451cb5f4762a2f814a1750ef375b8db4db09bb2dcea03c4e5/pyqwest-0.10.0-cp314-cp314t-win_amd64.whl", hash = "sha256:0f9163d6dd991bf1bf27308ba38ba021af660b15fffa47ebca98e41cf6f00309", size = 4858036, upload-time = "2026-08-21T06:09:06.926Z" },
    { url = "https://files.pythonhosted.org/packages/7a/6f/29f605665f33aab894db8daf11b3b64bdca015fb11135815c53a150191a6/pyqwest-0.10.0-pp311-pypy311_pp73-macosx_10_12_x86_64.whl", hash = "sha256:cfcc7ba0229baa17831582befb046ace167b368140dae022d0b89b8d586ba12c", size = 5264903, upload-time = "2026-08-21T06:09:09.183Z" },
    { url = "https://files.pythonhosted.org/packages/c8/c8/4ce4b40f21397a6482da910fae18b32c28dcdaddf3498aef2fe38597a9e0/pyqwest-0.10.0-pp311-pypy311_pp73-macosx_11_0_arm64.whl", hash = "sha256:eff9ccf427604d34c635954def07b6113d4754f968073eef2df40bdb80b05bf5", size = 5142291, upload-time = "2026-08-21T06:09:10.943Z" },
    { url = "https://files.pythonhosted.org/packages/41/34/7205db9cddc5a2286da459ca013af629e20f09498751c60093b952379add/pyqwest-0.10.0-pp311-pypy311_pp73-manylinux_2_17_aarch64.manylinux2014_aarch64.whl", hash = "sha256:78662158093f9d5c742368f4dd9956aa595f44c6ac0860777c98853ddd5e1610", size = 5648118, upload-time = "2026-08-21T06:09:12.616Z" },
    { url = "https://files.pythonhosted.org/packages/1e/94/75c6cd5d01cf68c99c0cfd66b165dce3fd9d9fce97cd4973117cab68355d/pyqwest-0.10.0-pp311-pypy311_pp73-manylinux_2_17_x86_64.manylinux2014_x86_64.whl", hash = "sha256:0879a3f0b37876372aa328b9fee956165db174c1ab72464146fe515f49399ddb", size = 5565620, upload-time = "2026-08-21T06:09:14.223Z" },
    { url = "https://files.pythonhosted.org/packages/7a/a6/20a910d2f096908cf25ec47fa84b35b1bbb1af63dc9713f53f38ed97802e/pyqwest-0.10.0-pp311-pypy311_pp73-musllinux_1_2_aarch64.whl", hash = "sha256:850b8de6ade09a60bdb2f969871a177c2c304b594b2034ba3f5962c7bea75551", size = 5809262, upload-time = "2026-08-21T06:09:15.897Z" },
    { url = "https://files.pythonhosted.org/packages/e4/f7/f92fe4004d93f08c5118e750feefdbc72a73438b7fd7083300728e999911/pyqwest-0.10.0-pp311-pypy311_pp73-musllinux_1_2_x86_64.whl", hash = "sha256:399802647ea646c6ac9b5460e541b7c209b7a13563c667b2690ded2060185f2e", size = 5985550, upload-time = "2026-08-21T06:09:17.579Z" },
    { url = "https://files.pythonhosted.org/packages/47/3e/2c896e54dbe3f1ba6e3bd10e9d412f422a2e33827ff591d59f67b13e0fa5/pyqwest-0.10.0-pp311-pypy311_pp73-win_amd64.whl", hash = "sha256:c26f3de1feb5d066d7a66802a47407a93ba043696064ad80beda4a0a4bf10056", size = 4873529, upload-time = "2026-08-21T06:09:19.161Z" },
]

[[package]]
name = "pyrefly"
version = "1.3.1"
source = { registry = "https://pypi.org/simple" }
sdist = { url = "https://files.pythonhosted.org/packages/4c/7e/082cc1b392318bacfbc087732524f3e089e9e7fe45b7645c4649b6f1f1e9/pyrefly-1.3.1.tar.gz", hash = "sha256:b774f1dfac82867fc16fe2175d80a630e2a72a6835d5b7e492568d6bfb6b05e7", size = 6679145, upload-time = "2026-09-15T05:09:34.49Z" }
wheels = [
    { url = "https://files.pythonhosted.org/packages/6b/bc/f09b5bd7eed796349bd93627aa2c3086df7ed0a114dafc3d2b2841599ee7/pyrefly-1.3.1-py3-none-macosx_10_12_x86_64.whl", hash = "sha256:0a2a7dfed824fb066aa8a7c8d856c152b98e998fb84b954d5f892fb9834c0bd1", size = 15090117, upload-time = "2026-09-15T05:08:58.477Z" },
    { url = "https://files.pythonhosted.org/packages/78/24/a31e7de8e0f310c9f0753826d0df8b6a8ff86793941a6bd88ba24b735633/pyrefly-1.3.1-py3-none-macosx_11_0_arm64.whl", hash = "sha256:37a1a1fb41e7190fe3964a877875dd809d6ee2887809e2c3d6e5f25a69805bfd", size = 14430773, upload-time = "2026-09-15T05:09:01.67Z" },
    { url = "https://files.pythonhosted.org/packages/75/e1/022352beb186f36d6213a95a975c42676ee418ff5e730629378d25564c5e/pyrefly-1.3.1-py3-none-manylinux_2_17_aarch64.manylinux2014_aarch64.whl", hash = "sha256:45b7650bc651a5a784701f2fb4f579da9a421c4d1b5fd91f9048f4529e46093c", size = 14877762, upload-time = "2026-09-15T05:09:04.767Z" },
    { url = "https://files.pythonhosted.org/packages/19/2c/d62a1b445aad1fd46375b83393b8a67da53883aeeba73d269ce71b3e8fd1/pyrefly-1.3.1-py3-none-manylinux_2_17_i686.manylinux2014_i686.whl", hash = "sha256:ad57f38bc73679c14a5f62995a2bd3bc43649b7270c858487e2eab78a6f95362", size = 16118225, upload-time = "2026-09-15T05:09:07.828Z" },
    { url = "https://files.pythonhosted.org/packages/32/67/3c3fa8a13e3ce8d8322ffb3627255a41a52261f17793e1a24e9214f10857/pyrefly-1.3.1-py3-none-manylinux_2_17_ppc64le.manylinux2014_ppc64le.whl", hash = "sha256:3506b1252e9f5d755d0693c5a46d46b85579d36534f6e22a41eb8e098d0dde90", size = 16051197, upload-time = "2026-09-15T05:09:10.81Z" },
    { url = "https://files.pythonhosted.org/packages/19/d1/84f81b9e32288b5d11c75e006f67e0f6b78b85da575673bd1a21524c8172/pyrefly-1.3.1-py3-none-manylinux_2_17_x86_64.manylinux2014_x86_64.whl", hash = "sha256:39d5a17c1ad655e5f93a6e8e0be90b8db28c6015fe07d6ed4e054891c9e14ef8", size = 15440062, upload-time = "2026-09-15T05:09:14.641Z" },
    { url = "https://files.pythonhosted.org/packages/46/3c/2aa0c5ad6a2957a728bb38cfab70d1e9cafad21b0b1c1d92df74a3cf22bd/pyrefly-1.3.1-py3-none-musllinux_1_2_aarch64.whl", hash = "sha256:c61e9dcf888beb81ca0e0c60ea4442640fdcf2f1f65bfe3d9f5d89b85516eb03", size = 14898534, upload-time = "2026-09-15T05:09:17.823Z" },
    { url = "https://files.pythonhosted.org/packages/03/5d/2974f249fb2e285f966485719d977c5a2248cc4866403af94d935775ff15/pyrefly-1.3.1-py3-none-musllinux_1_2_x86_64.whl", hash = "sha256:a78eed1c53f37807f0e2997be8edbe833b91eb9915f2cb553a1bdcd599e7105c", size = 15477758, upload-time = "2026-09-15T05:09:20.964Z" },
    { url = "https://files.pythonhosted.org/packages/68/79/d31f8f0abf5b0610ec24183286ee8a1ee5b76c9aaaa91091399d7e1aaf60/pyrefly-1.3.1-py3-none-win32.whl", hash = "sha256:ea0d0349f1bc80fe8e00a7b3640e40db7486398b685f87b9bd5d2207063668f0", size = 14133005, upload-time = "2026-09-15T05:09:25.03Z" },
    { url = "https://files.pythonhosted.org/packages/3f/23/1859f47f536314755d80c4ec2a76d2698435ae8b73604bcd1dfa57ecb39b/pyrefly-1.3.1-py3-none-win_amd64.whl", hash = "sha256:4c24e7d99df9237916c33be23714219a7c8eaf22bad2ac0c3e1d45adcf7df8fb", size = 15066557, upload-time = "2026-09-15T05:09:28.265Z" },
    { url = "https://files.pythonhosted.org/packages/92/2a/73e3721921c2bb2c950a9f8c362ee5e2367556b5d4416eb4f8f88503e66f/pyrefly-1.3.1-py3-none-win_arm64.whl", hash = "sha256:1ed85e2b957a78e93353125d890ce3668ce450e49b74025a15c87b6e8ec7f3d1", size = 14348209, upload-time = "2026-09-15T05:09:31.422Z" },
]

[[package]]
name = "pytest"
version = "9.1.1"
source = { registry = "https://pypi.org/simple" }
dependencies = [
    { name = "colorama", marker = "sys_platform == 'win32'" },
    { name = "iniconfig" },
    { name = "packaging" },
    { name = "pluggy" },
    { name = "pygments" },
]
sdist = { url = "https://files.pythonhosted.org/packages/e4/47/b9efed96c114afcfa3c9d3fe98a76a1d14c74a9e266d397cf6eb64be5e01/pytest-9.1.1.tar.gz", hash = "sha256:1088fbde8f2b49d95a549a195707afa7a76a3ce9bcadc26b6d71f0ffda5fe313", size = 1636369, upload-time = "2026-06-19T10:58:32.857Z" }
wheels = [
    { url = "https://files.pythonhosted.org/packages/24/25/1de2678b631f5a49215c6c96fff41ba892b0a34df68d6d80292b1b48aa7f/pytest-9.1.1-py3-none-any.whl", hash = "sha256:37a86b45efb9a47a61a36449063e8e18d0cab3161329fc099eb21783169c4f0c", size = 386536, upload-time = "2026-06-19T10:58:31.347Z" },
]

[[package]]
name = "pytest-asyncio"
version = "1.4.0"
source = { registry = "https://pypi.org/simple" }
dependencies = [
    { name = "pytest" },
    { name = "typing-extensions", marker = "python_full_version < '3.13'" },
]
sdist = { url = "https://files.pythonhosted.org/packages/43/7c/d36d04db312ecf4298932ef77e6e4a9e8ad017906e24e34f0b0c361a2473/pytest_asyncio-1.4.0.tar.gz", hash = "sha256:c6c0d2259945122819f171a32ecea2c349ead889ee28176caaf492143424be42", size = 58514, upload-time = "2026-05-26T09:56:04.083Z" }
wheels = [
    { url = "https://files.pythonhosted.org/packages/03/e2/08a497ef684b88559c9cc5f4ad53a37e7b99e727094a86d6ea32536d5d3c/pytest_asyncio-1.4.0-py3-none-any.whl", hash = "sha256:933ca923a23075a87fb7070c0ec272a6848489824d887c85c812670932835aa1", size = 16930, upload-time = "2026-05-26T09:56:02.576Z" },
]

[[package]]
name = "ruff"
version = "0.16.8"
source = { registry = "https://pypi.org/simple" }
sdist = { url = "https://files.pythonhosted.org/packages/ba/78/449cb84790bd5cc3823b2652ee405a4558856e5c4195aee3a16bf7b3eb5d/ruff-0.16.8.tar.gz", hash = "sha256:9247bf92b5f04d825c8639a4fe423ec2e4222acd9222e58412b0dab7e442798b", size = 4938814, upload-time = "2026-09-16T15:54:46.688Z" }
wheels = [
    { url = "https://files.pythonhosted.org/packages/ac/25/6071aabc530e9be7e2c195e8fe3f7aea2735405b6cf447212832d7811831/ruff-0.16.8-py3-none-linux_armv6l.whl", hash = "sha256:6ffbd6d87383c1edf5f6fa890f10200950240d7c1a16052a19a09d3a2307dd38", size = 10048966, upload-time = "2026-09-16T15:53:57.605Z" },
    { url = "https://files.pythonhosted.org/packages/54/98/07f90ecbc74dd5fb5764f11f2bc774d6a7cffef92d2ff5f5b4e9e23c754e/ruff-0.16.8-py3-none-macosx_10_12_x86_64.whl", hash = "sha256:42ed6b878ed61e3acca92f2730a17acff39286944ea82398544696366a6f925e", size = 10165498, upload-time = "2026-09-16T15:54:01.14Z" },
    { url = "https://files.pythonhosted.org/packages/fe/1f/e6a712e3b47cad4a40600134105ed193cb773f618a42eb7ba323cb812cc0/ruff-0.16.8-py3-none-macosx_11_0_arm64.whl", hash = "sha256:7ea781c7f2afba8c6a505ea0fb3f994020249e0c450635f5381286fea6b46170", size = 9830004, upload-time = "2026-09-16T15:54:03.998Z" },
    { url = "https://files.pythonhosted.org/packages/23/f2/311a08776d75d81c7676e20b6b020ae63cbe881fcdc7a8dd64e6e18bdd93/ruff-0.16.8-py3-none-manylinux_2_17_aarch64.manylinux2014_aarch64.whl", hash = "sha256:8efeae3bbe414a5efefda11a792dfb51ef90ac48d50c4830de2f644caf3e8659", size = 9986558, upload-time = "2026-09-16T15:54:06.804Z" },
    { url = "https://files.pythonhosted.org/packages/f3/ed/37b6cb3d3ba8c73e68ae3eb1d502383beb5aa05a582bb7bb3a922f929f54/ruff-0.16.8-py3-none-manylinux_2_17_armv7l.manylinux2014_armv7l.whl", hash = "sha256:3a79b795469fef7fc6e908b218eed2eb17332afd85031db6480dc864560e69b2", size = 9877332, upload-time = "2026-09-16T15:54:09.552Z" },
    { url = "https://files.pythonhosted.org/packages/22/cc/40873a8f36ad084cc540d55fcca7077264d5b13b24659e9180c176fb2b08/ruff-0.16.8-py3-none-manylinux_2_17_i686.manylinux2014_i686.whl", hash = "sha256:3fdc5563cdc50555e6fba39322850860e9267c1b3d12c26a74729d8604c3c812", size = 10507125, upload-time = "2026-09-16T15:54:12.152Z" },
    { url = "https://files.pythonhosted.org/packages/c3/e4/fc91a642b78ccbab6b9477720f3644ae7a10a9bcce69a934679cd64f62bc/ruff-0.16.8-py3-none-manylinux_2_17_ppc64le.manylinux2014_ppc64le.whl", hash = "sha256:34508983c70665578dab88f5223d8e6228307e1135398ca8bfc8b7e9501e282b", size = 11336694, upload-time = "2026-09-16T15:54:15.489Z" },
    { url = "https://files.pythonhosted.org/packages/c2/3d/bbd2a9a600a4e73dc3e7548a249c8d1671273464b55822c6fae50f602dff/ruff-0.16.8-py3-none-manylinux_2_17_s390x.manylinux2014_s390x.whl", hash = "sha256:644bb578569e0ffc575741232bd385dacdd6fbe123f1a729e7a225f54aa3957f", size = 10774448, upload-time = "2026-09-16T15:54:18.16Z" },
    { url = "https://files.pythonhosted.org/packages/1a/41/d83af9879a7b6e8bf5fe16b1da0b134049d2f5d3afac12defb0897cb84bd/ruff-0.16.8-py3-none-manylinux_2_17_x86_64.manylinux2014_x86_64.whl", hash = "sha256:15e7d226246961db9235098333caa13063906d3851136b84c2900b82f5daa1df", size = 10323796, upload-time = "2026-09-16T15:54:20.743Z" },
    { url = "https://files.pythonhosted.org/packages/f5/2c/cefd07bfe914b84943ea769ade8d607bd22750b965d3228eefd7cebd15d0/ruff-0.16.8-py3-none-manylinux_2_31_riscv64.whl", hash = "sha256:a2bf6bc3e9ebdd4449abc6f06cf64b98051a2c61cf94d2fe9596518c881f1a1e", size = 10514115, upload-time = "2026-09-16T15:54:23.497Z" },
    { url = "https://files.pythonhosted.org/packages/f3/9d/76a2e26c79a23be6e6e3664c57bec9e9fc8de155cfb9e4b67ea91b64f9d7/ruff-0.16.8-py3-none-musllinux_1_2_aarch64.whl", hash = "sha256:6ca111ba0849539165e9e59d2b442542f3c1e8060ebbdea82494f1ffbccb1e1f", size = 10072582, upload-time = "2026-09-16T15:54:26.185Z" },
    { url = "https://files.pythonhosted.org/packages/2e/d4/f42edddb39668af1a559ceafa3823aedd65633a48dc9768e775485faa2c1/ruff-0.16.8-py3-none-musllinux_1_2_armv7l.whl", hash = "sha256:359a1e5b495448ee1e91018064382ebc86f90e8aac2fed222c7d0e4e8df85fd2", size = 9879644, upload-time = "2026-09-16T15:54:29.278Z" },
    { url = "https://files.pythonhosted.org/packages/f8/d4/913e3195d95e0378786c6656945c865f534a3560e29139da4882aff630d1/ruff-0.16.8-py3-none-musllinux_1_2_i686.whl", hash = "sha256:59e8f5681349474110b24d62e93cfda6593f5fa3473446ca3705200cac1a08b9", size = 10231569, upload-time = "2026-09-16T15:54:32.036Z" },
    { url = "https://files.pythonhosted.org/packages/2b/c4/8aa6ea0bdcedbd1bf87397e2fc4ed8406448ea5842f8660bc6e5f163039d/ruff-0.16.8-py3-none-musllinux_1_2_x86_64.whl", hash = "sha256:efa3e7a16d1baaa79957888dfdf8be9ef2e44db81cb032af06d76632ab59e773", size = 10663666, upload-time = "2026-09-16T15:54:34.838Z" },
    { url = "https://files.pythonhosted.org/packages/3d/02/7f10ef4700bc223c30a3fdd10631a29830c45524b810a3c7ed947af64591/ruff-0.16.8-py3-none-win32.whl", hash = "sha256:55793ba85c69921e89be061426d91a78652d6e50317c962240922747a4eb713f", size = 10093472, upload-time = "2026-09-16T15:54:37.47Z" },
    { url = "https://files.pythonhosted.org/packages/1e/5d/a509c07d714b6da88f2c518b4637cf6f1d46b074be8f0f1e5fb9ff5126fe/ruff-0.16.8-py3-none-win_amd64.whl", hash = "sha256:a6b85621fd3c81e31fc5f5add09c9c078b430db3595ca632efafdec9e64ebfaa", size = 10586899, upload-time = "2026-09-16T15:54:40.488Z" },
    { url = "https://files.pythonhosted.org/packages/fe/a0/50787329e4f20bf9dc9f6230015d46ec69c51a97ace5bc202dae4755365d/ruff-0.16.8-py3-none-win_arm64.whl", hash = "sha256:d075e820af612102ce217f07cc93e69f9490b10ec13ea85fa87bd03d996cef8a", size = 10386316, upload-time = "2026-09-16T15:54:43.332Z" },
]

[[package]]
name = "typing-extensions"
version = "4.16.0"
source = { registry = "https://pypi.org/simple" }
sdist = { url = "https://files.pythonhosted.org/packages/f6/cc/6253133b5bb138fc3306cebfbda2c520f545d36b5be2c7255cc528bb45d6/typing_extensions-4.16.0.tar.gz", hash = "sha256:dc983d19a509c94dba722ee6abd33940f7c05a89e243c47e907eb4db6f1a43e5", size = 113555, upload-time = "2026-07-02T08:40:05.92Z" }
wheels = [
    { url = "https://files.pythonhosted.org/packages/49/d3/b8441a820a491ddfc024b0b0cf0393375b75ea13866d9c66727e54c2fc80/typing_extensions-4.16.0-py3-none-any.whl", hash = "sha256:481caa481374e813c1b176ada14e97f1f67a4539ce9cfeb3f350d78d6370c2e8", size = 45571, upload-time = "2026-07-02T08:40:04.659Z" },
]
